
Microsoft Visual Studio Solution File, Format Version 12.00
# Visual Studio Version 16
VisualStudioVersion = 16.0.31624.102
MinimumVisualStudioVersion = 10.0.40219.1
Project("{FAE04EC0-301F-11D3-BF4B-00C04F79EFBC}") = "CursoCSharp", "CursoCSharp\CursoCSharp.csproj", "{3574EC5C-04EE-4DF5-B9AE-957B65D4A3D9}"
EndProject
Global
	GlobalSection(SolutionConfigurationPlatforms) = preSolution
		Debug|Any CPU = Debug|Any CPU
		Release|Any CPU = Release|Any CPU
	EndGlobalSection
	GlobalSection(ProjectConfigurationPlatforms) = postSolution
		{3574EC5C-04EE-4DF5-B9AE-957B65D4A3D9}.Debug|Any CPU.ActiveCfg = Debug|Any CPU
		{3574EC5C-04EE-4DF5-B9AE-957B65D4A3D9}.Debug|Any CPU.Build.0 = Debug|Any CPU
		{3574EC5C-04EE-4DF5-B9AE-957B65D4A3D9}.Release|Any CPU.ActiveCfg = Release|Any CPU
		{3574EC5C-04EE-4DF5-B9AE-957B65D4A3D9}.Release|Any CPU.Build.0 = Release|Any CPU
	EndGlobalSection
	GlobalSection(SolutionProperties) = preSolution
		HideSolutionNode = FALSE
	EndGlobalSection
	GlobalSection(ExtensibilityGlobals) = postSolution
		SolutionGuid = {82E590ED-3112-4CE4-9123-B10E49F7FC0B}
	EndGlobalSection
EndGlobal
